// !$*UTF8*$!
{
	archiveVersion = 1;
	classes = {
	};
	objectVersion = 46;
	objects = {

/* Begin PBXBuildFile section */
		A61F478B14BFA51D00A37E06 /* info.png in Resources */ = {isa = PBXBuildFile; fileRef = A61F478714BFA51D00A37E06 /* info.png */; };
		A61F478E14BFA51D00A37E06 /* up.png in Resources */ = {isa = PBXBuildFile; fileRef = A61F478A14BFA51D00A37E06 /* up.png */; };
		A61F479114BFAE9D00A37E06 /* submitBackground.png in Resources */ = {isa = PBXBuildFile; fileRef = A61F479014BFAE9D00A37E06 /* submitBackground.png */; };
		A61F479314BFB90200A37E06 /* send.png in Resources */ = {isa = PBXBuildFile; fileRef = A61F479214BFB90200A37E06 /* send.png */; };
		A61F479D14BFD3C900A37E06 /* cameraPop.png in Resources */ = {isa = PBXBuildFile; fileRef = A61F479914BFD3C900A37E06 /* cameraPop.png */; };
		A61F479F14BFD3C900A37E06 /* retakeButton.png in Resources */ = {isa = PBXBuildFile; fileRef = A61F479B14BFD3C900A37E06 /* retakeButton.png */; };
		A61F47A014BFD3C900A37E06 /* uploadButton.png in Resources */ = {isa = PBXBuildFile; fileRef = A61F479C14BFD3C900A37E06 /* uploadButton.png */; };
		A629266114CE13E500266C22 /* threeDown.png in Resources */ = {isa = PBXBuildFile; fileRef = A629265F14CE13E500266C22 /* threeDown.png */; };
		A629266214CE13E500266C22 /* threeDefault.png in Resources */ = {isa = PBXBuildFile; fileRef = A629266014CE13E500266C22 /* threeDefault.png */; };
		A629266C14CE19D500266C22 /* sixDown.png in Resources */ = {isa = PBXBuildFile; fileRef = A629266414CE19D500266C22 /* sixDown.png */; };
		A629266D14CE19D500266C22 /* sixDefault.png in Resources */ = {isa = PBXBuildFile; fileRef = A629266514CE19D500266C22 /* sixDefault.png */; };
		A629266E14CE19D500266C22 /* manyDown.png in Resources */ = {isa = PBXBuildFile; fileRef = A629266614CE19D500266C22 /* manyDown.png */; };
		A629266F14CE19D500266C22 /* manyDefault.png in Resources */ = {isa = PBXBuildFile; fileRef = A629266714CE19D500266C22 /* manyDefault.png */; };
		A629267014CE19D500266C22 /* fourDown.png in Resources */ = {isa = PBXBuildFile; fileRef = A629266814CE19D500266C22 /* fourDown.png */; };
		A629267114CE19D500266C22 /* fourDefault.png in Resources */ = {isa = PBXBuildFile; fileRef = A629266914CE19D500266C22 /* fourDefault.png */; };
		A629267214CE19D500266C22 /* fiveDown.png in Resources */ = {isa = PBXBuildFile; fileRef = A629266A14CE19D500266C22 /* fiveDown.png */; };
		A629267314CE19D500266C22 /* fiveDefault.png in Resources */ = {isa = PBXBuildFile; fileRef = A629266B14CE19D500266C22 /* fiveDefault.png */; };
		A629267C14CE2A1E00266C22 /* treeDown.png in Resources */ = {isa = PBXBuildFile; fileRef = A629267414CE2A1C00266C22 /* treeDown.png */; };
		A629267D14CE2A1E00266C22 /* treeDefault.png in Resources */ = {isa = PBXBuildFile; fileRef = A629267514CE2A1D00266C22 /* treeDefault.png */; };
		A629267E14CE2A1E00266C22 /* irregularDown.png in Resources */ = {isa = PBXBuildFile; fileRef = A629267614CE2A1D00266C22 /* irregularDown.png */; };
		A629267F14CE2A1E00266C22 /* irregularDefault.png in Resources */ = {isa = PBXBuildFile; fileRef = A629267714CE2A1D00266C22 /* irregularDefault.png */; };
		A629268014CE2A1E00266C22 /* fruitDown.png in Resources */ = {isa = PBXBuildFile; fileRef = A629267814CE2A1D00266C22 /* fruitDown.png */; };
		A629268114CE2A1E00266C22 /* fruitDefault.png in Resources */ = {isa = PBXBuildFile; fileRef = A629267914CE2A1D00266C22 /* fruitDefault.png */; };
		A629268214CE2A1E00266C22 /* compositeDown.png in Resources */ = {isa = PBXBuildFile; fileRef = A629267A14CE2A1D00266C22 /* compositeDown.png */; };
		A629268314CE2A1E00266C22 /* compositeDefault.png in Resources */ = {isa = PBXBuildFile; fileRef = A629267B14CE2A1E00266C22 /* compositeDefault.png */; };
		A674B14314D0E6BE0087B912 /* galleryButton.png in Resources */ = {isa = PBXBuildFile; fileRef = A674B14214D0E6BE0087B912 /* galleryButton.png */; };
		A674B14714D0E6C90087B912 /* timelineSelected.png in Resources */ = {isa = PBXBuildFile; fileRef = A674B14514D0E6C90087B912 /* timelineSelected.png */; };
		A674B14814D0E6C90087B912 /* timelineBack.png in Resources */ = {isa = PBXBuildFile; fileRef = A674B14614D0E6C90087B912 /* timelineBack.png */; };
		A6B74F03150A1B7A00D1B133 /* cancelButtton.png in Resources */ = {isa = PBXBuildFile; fileRef = A6B74EF8150A1B7A00D1B133 /* cancelButtton.png */; };
		A6B74F05150A1B7A00D1B133 /* galleryButton.psd in Resources */ = {isa = PBXBuildFile; fileRef = A6B74EFA150A1B7A00D1B133 /* galleryButton.psd */; };
		A6B74F09150A1B7A00D1B133 /* LockScreen.png in Resources */ = {isa = PBXBuildFile; fileRef = A6B74EFE150A1B7A00D1B133 /* LockScreen.png */; };
		A6B74F0A150A1B7A00D1B133 /* LockScreen@x2.png in Resources */ = {isa = PBXBuildFile; fileRef = A6B74EFF150A1B7A00D1B133 /* LockScreen@x2.png */; };
		A6B74F0B150A1B7A00D1B133 /* orangeOverlay.png in Resources */ = {isa = PBXBuildFile; fileRef = A6B74F00150A1B7A00D1B133 /* orangeOverlay.png */; };
		A6B74F0C150A1B7A00D1B133 /* right.psd in Resources */ = {isa = PBXBuildFile; fileRef = A6B74F01150A1B7A00D1B133 /* right.psd */; };
		A6B74F0D150A1B7A00D1B133 /* timelinePlaceholder.png in Resources */ = {isa = PBXBuildFile; fileRef = A6B74F02150A1B7A00D1B133 /* timelinePlaceholder.png */; };
		A6B74F10150A1DD800D1B133 /* uploadButtonP.png in Resources */ = {isa = PBXBuildFile; fileRef = A6B74F0F150A1DD800D1B133 /* uploadButtonP.png */; };
		A6B74F12150A1DE400D1B133 /* retakeButtonP.png in Resources */ = {isa = PBXBuildFile; fileRef = A6B74F11150A1DE400D1B133 /* retakeButtonP.png */; };
		A6B74F15150A20D300D1B133 /* GalleryIconT@x2.png in Resources */ = {isa = PBXBuildFile; fileRef = A6B74F13150A20D200D1B133 /* GalleryIconT@x2.png */; };
		A6B74F16150A20D300D1B133 /* GalleryIcon@x2.png in Resources */ = {isa = PBXBuildFile; fileRef = A6B74F14150A20D200D1B133 /* GalleryIcon@x2.png */; };
		A6B74F1B150A20F300D1B133 /* MapIcon.psd in Resources */ = {isa = PBXBuildFile; fileRef = A6B74F17150A20F300D1B133 /* MapIcon.psd */; };
		A6B74F1C150A20F300D1B133 /* MapIconT@x2.png in Resources */ = {isa = PBXBuildFile; fileRef = A6B74F18150A20F300D1B133 /* MapIconT@x2.png */; };
		A6B74F1D150A20F300D1B133 /* MapIcon@x2.png in Resources */ = {isa = PBXBuildFile; fileRef = A6B74F19150A20F300D1B133 /* MapIcon@x2.png */; };
		A6B74F1E150A20F300D1B133 /* MenuReturnButton.png in Resources */ = {isa = PBXBuildFile; fileRef = A6B74F1A150A20F300D1B133 /* MenuReturnButton.png */; };
		A6D3AC8014BBBE57005BB81D /* GalleryIcon.png in Resources */ = {isa = PBXBuildFile; fileRef = A6D3AC7F14BBBE57005BB81D /* GalleryIcon.png */; };
		A6D3AC8214BBBF31005BB81D /* cameraIcon.png in Resources */ = {isa = PBXBuildFile; fileRef = A6D3AC8114BBBF31005BB81D /* cameraIcon.png */; };
		A6D3AC8414BBC2C0005BB81D /* MapIcon.png in Resources */ = {isa = PBXBuildFile; fileRef = A6D3AC8314BBC2C0005BB81D /* MapIcon.png */; };
		A6D3AC9114BBC85F005BB81D /* CameraIconT.png in Resources */ = {isa = PBXBuildFile; fileRef = A6D3AC8D14BBC85F005BB81D /* CameraIconT.png */; };
		A6D3AC9214BBC85F005BB81D /* GalleryIconT.png in Resources */ = {isa = PBXBuildFile; fileRef = A6D3AC8E14BBC85F005BB81D /* GalleryIconT.png */; };
		A6D3AC9314BBC85F005BB81D /* MapIconT.png in Resources */ = {isa = PBXBuildFile; fileRef = A6D3AC8F14BBC85F005BB81D /* MapIconT.png */; };
		A6D3AC9414BBC85F005BB81D /* swoopBarMiddle.png in Resources */ = {isa = PBXBuildFile; fileRef = A6D3AC9014BBC85F005BB81D /* swoopBarMiddle.png */; };
		A6EFC47214C4E1DE0014ACA9 /* infoBack.png in Resources */ = {isa = PBXBuildFile; fileRef = A6EFC47114C4E1DE0014ACA9 /* infoBack.png */; };
		F414D9E91549F325008A38F5 /* UIImage+Alpha.m in Sources */ = {isa = PBXBuildFile; fileRef = F414D9B21549F325008A38F5 /* UIImage+Alpha.m */; };
		F414D9EC1549F325008A38F5 /* UIImage+Resize.m in Sources */ = {isa = PBXBuildFile; fileRef = F414D9B41549F325008A38F5 /* UIImage+Resize.m */; };
		F414D9EF1549F325008A38F5 /* UIImage+RoundedCorner.m in Sources */ = {isa = PBXBuildFile; fileRef = F414D9B61549F325008A38F5 /* UIImage+RoundedCorner.m */; };
		F414D9F21549F325008A38F5 /* RHDataModel.m in Sources */ = {isa = PBXBuildFile; fileRef = F414D9B91549F325008A38F5 /* RHDataModel.m */; };
		F414D9F51549F325008A38F5 /* RHDeviceUser.m in Sources */ = {isa = PBXBuildFile; fileRef = F414D9BB1549F325008A38F5 /* RHDeviceUser.m */; };
		F414D9F81549F325008A38F5 /* RHDocument.m in Sources */ = {isa = PBXBuildFile; fileRef = F414D9BD1549F325008A38F5 /* RHDocument.m */; };
		F414D9FB1549F325008A38F5 /* RHLocation.m in Sources */ = {isa = PBXBuildFile; fileRef = F414D9BF1549F325008A38F5 /* RHLocation.m */; };
		F414D9FE1549F325008A38F5 /* RHMapAnnotation.m in Sources */ = {isa = PBXBuildFile; fileRef = F414D9C21549F325008A38F5 /* RHMapAnnotation.m */; };
		F414DA011549F325008A38F5 /* SSMapAnnotation.m in Sources */ = {isa = PBXBuildFile; fileRef = F414D9C41549F325008A38F5 /* SSMapAnnotation.m */; };
		F414DA041549F325008A38F5 /* WOverlay.m in Sources */ = {isa = PBXBuildFile; fileRef = F414D9C61549F325008A38F5 /* WOverlay.m */; };
		F414DA071549F325008A38F5 /* WOverlayView.m in Sources */ = {isa = PBXBuildFile; fileRef = F414D9C81549F325008A38F5 /* WOverlayView.m */; };
		F414DA0A1549F325008A38F5 /* InfoPlist.strings in Resources */ = {isa = PBXBuildFile; fileRef = F414D9CA1549F325008A38F5 /* InfoPlist.strings */; };
		F414DA0D1549F325008A38F5 /* main.m in Sources */ = {isa = PBXBuildFile; fileRef = F414D9CC1549F325008A38F5 /* main.m */; };
		F414DA101549F325008A38F5 /* OrderedDictionary.m in Sources */ = {isa = PBXBuildFile; fileRef = F414D9D01549F325008A38F5 /* OrderedDictionary.m */; settings = {COMPILER_FLAGS = "-fno-objc-arc"; }; };
		F414DA131549F325008A38F5 /* AppDelegate.m in Sources */ = {isa = PBXBuildFile; fileRef = F414D9D41549F325008A38F5 /* AppDelegate.m */; };
		F414DA161549F325008A38F5 /* CameraViewController.m in Sources */ = {isa = PBXBuildFile; fileRef = F414D9D61549F325008A38F5 /* CameraViewController.m */; };
		F414DA191549F325008A38F5 /* CameraViewController.xib in Resources */ = {isa = PBXBuildFile; fileRef = F414D9D71549F325008A38F5 /* CameraViewController.xib */; };
		F414DA1C1549F325008A38F5 /* GalleryViewController.m in Sources */ = {isa = PBXBuildFile; fileRef = F414D9DA1549F325008A38F5 /* GalleryViewController.m */; };
		F414DA1F1549F325008A38F5 /* GalleryViewController.xib in Resources */ = {isa = PBXBuildFile; fileRef = F414D9DB1549F325008A38F5 /* GalleryViewController.xib */; };
		F414DA221549F325008A38F5 /* ImageScrollView.m in Sources */ = {isa = PBXBuildFile; fileRef = F414D9DD1549F325008A38F5 /* ImageScrollView.m */; };
		F414DA251549F325008A38F5 /* LoadingViewController.m in Sources */ = {isa = PBXBuildFile; fileRef = F414D9DF1549F325008A38F5 /* LoadingViewController.m */; };
		F414DA281549F325008A38F5 /* LoadingViewController.xib in Resources */ = {isa = PBXBuildFile; fileRef = F414D9E01549F325008A38F5 /* LoadingViewController.xib */; };
		F414DA2B1549F325008A38F5 /* MapViewController.m in Sources */ = {isa = PBXBuildFile; fileRef = F414D9E21549F325008A38F5 /* MapViewController.m */; };
		F414DA2E1549F325008A38F5 /* MapViewController.xib in Resources */ = {isa = PBXBuildFile; fileRef = F414D9E31549F325008A38F5 /* MapViewController.xib */; };
		F414DA311549F325008A38F5 /* SwoopTabViewController.m in Sources */ = {isa = PBXBuildFile; fileRef = F414D9E51549F325008A38F5 /* SwoopTabViewController.m */; };
		F414DA341549F325008A38F5 /* SwoopTabViewController.xib in Resources */ = {isa = PBXBuildFile; fileRef = F414D9E61549F325008A38F5 /* SwoopTabViewController.xib */; };
		F414DA371549F325008A38F5 /* TimelineVisualizationView.m in Sources */ = {isa = PBXBuildFile; fileRef = F414D9E81549F325008A38F5 /* TimelineVisualizationView.m */; };
		F414DA5B154A017A008A38F5 /* swoopBarBottom.png in Resources */ = {isa = PBXBuildFile; fileRef = F414DA59154A017A008A38F5 /* swoopBarBottom.png */; };
		F414DA5E154A017A008A38F5 /* swoopBarTop.png in Resources */ = {isa = PBXBuildFile; fileRef = F414DA5A154A017A008A38F5 /* swoopBarTop.png */; };
		F42672CB1564FC4500C6580F /* TouchDB.framework in Frameworks */ = {isa = PBXBuildFile; fileRef = F42672CA1564FC4500C6580F /* TouchDB.framework */; };
		F42672CD156504FB00C6580F /* libsqlite3.0.dylib in Frameworks */ = {isa = PBXBuildFile; fileRef = F42672CC156504FB00C6580F /* libsqlite3.0.dylib */; };
		F43540DE14D1140D00C206CA /* mapPointPopup.png in Resources */ = {isa = PBXBuildFile; fileRef = F43540DC14D1140D00C206CA /* mapPointPopup.png */; };
		F43540DF14D1140D00C206CA /* mapPoint.png in Resources */ = {isa = PBXBuildFile; fileRef = F43540DD14D1140D00C206CA /* mapPoint.png */; };
		F43B7E801508F33A00584E8B /* orangeOverlay.png in Resources */ = {isa = PBXBuildFile; fileRef = F43B7E7F1508F33A00584E8B /* orangeOverlay.png */; };
		F49E28D2154F1E7B00AB8461 /* Default.png in Resources */ = {isa = PBXBuildFile; fileRef = F49E28C9154F1E7B00AB8461 /* Default.png */; };
		F49E28D3154F1E7B00AB8461 /* Defaultx2.png in Resources */ = {isa = PBXBuildFile; fileRef = F49E28CA154F1E7B00AB8461 /* Defaultx2.png */; };
		F49E28D4154F1E7B00AB8461 /* Icon.png in Resources */ = {isa = PBXBuildFile; fileRef = F49E28CB154F1E7B00AB8461 /* Icon.png */; };
		F49E28D5154F1E7B00AB8461 /* Iconx2.png in Resources */ = {isa = PBXBuildFile; fileRef = F49E28CC154F1E7B00AB8461 /* Iconx2.png */; };
		F49E28D6154F1E7B00AB8461 /* Loading.png in Resources */ = {isa = PBXBuildFile; fileRef = F49E28CD154F1E7B00AB8461 /* Loading.png */; };
		F49E28D7154F1E7B00AB8461 /* Loadingx2.png in Resources */ = {isa = PBXBuildFile; fileRef = F49E28CE154F1E7B00AB8461 /* Loadingx2.png */; };
		F49E28D8154F1E7B00AB8461 /* RHSettings_Rhus.m in Sources */ = {isa = PBXBuildFile; fileRef = F49E28CF154F1E7B00AB8461 /* RHSettings_Rhus.m */; };
		F49E28D9154F1E7B00AB8461 /* Rhus-Info.plist in Resources */ = {isa = PBXBuildFile; fileRef = F49E28D1154F1E7B00AB8461 /* Rhus-Info.plist */; };
		F4AA3F4114DA2F4800ED3CCE /* MapKit.framework in Frameworks */ = {isa = PBXBuildFile; fileRef = F4AA3F4014DA2F4800ED3CCE /* MapKit.framework */; };
		F4AA3F4514DA2F5100ED3CCE /* CouchCocoa.framework in Frameworks */ = {isa = PBXBuildFile; fileRef = F4AA3F4314DA2F5100ED3CCE /* CouchCocoa.framework */; };
		F4AA3F4D14DA5B3E00ED3CCE /* Security.framework in Frameworks */ = {isa = PBXBuildFile; fileRef = F4AA3F4C14DA5B3E00ED3CCE /* Security.framework */; };
		F4AA3F4F14DA5B4A00ED3CCE /* libz.dylib in Frameworks */ = {isa = PBXBuildFile; fileRef = F4AA3F4E14DA5B4A00ED3CCE /* libz.dylib */; };
		F4AA3F5314DA5BBA00ED3CCE /* libstdc++.dylib in Frameworks */ = {isa = PBXBuildFile; fileRef = F4AA3F5214DA5BBA00ED3CCE /* libstdc++.dylib */; };
		F4C1734F154B698100A929E1 /* Reachability.m in Sources */ = {isa = PBXBuildFile; fileRef = F4C1734E154B698100A929E1 /* Reachability.m */; };
		F4C17352154B74FF00A929E1 /* SystemConfiguration.framework in Frameworks */ = {isa = PBXBuildFile; fileRef = F4C17351154B74FF00A929E1 /* SystemConfiguration.framework */; };
		F4CE8858150C08A3009AE0FC /* CoreLocation.framework in Frameworks */ = {isa = PBXBuildFile; fileRef = F4CE8857150C08A3009AE0FC /* CoreLocation.framework */; };
		F4D3929414BBA6660051E831 /* UIKit.framework in Frameworks */ = {isa = PBXBuildFile; fileRef = F4D3929314BBA6660051E831 /* UIKit.framework */; };
		F4D3929614BBA6660051E831 /* Foundation.framework in Frameworks */ = {isa = PBXBuildFile; fileRef = F4D3929514BBA6660051E831 /* Foundation.framework */; };
		F4D3929814BBA6660051E831 /* CoreGraphics.framework in Frameworks */ = {isa = PBXBuildFile; fileRef = F4D3929714BBA6660051E831 /* CoreGraphics.framework */; };
		F4DCC94B155DC84F0056E1C6 /* ProjectsTableViewController.m in Sources */ = {isa = PBXBuildFile; fileRef = F4DCC94A155DC84F0056E1C6 /* ProjectsTableViewController.m */; };
		F4F2857B150DADBC009A24C9 /* shutter.png in Resources */ = {isa = PBXBuildFile; fileRef = F4F2857A150DADBC009A24C9 /* shutter.png */; };
		F4F2859E150DEA3A009A24C9 /* mapDeviceUserPoint.png in Resources */ = {isa = PBXBuildFile; fileRef = F4F2859D150DEA3A009A24C9 /* mapDeviceUserPoint.png */; };
/* End PBXBuildFile section */

/* Begin PBXFileReference section */
		A61F478714BFA51D00A37E06 /* info.png */ = {isa = PBXFileReference; lastKnownFileType = image.png; name = info.png; path = graphics/info.png; sourceTree = SOURCE_ROOT; };
		A61F478A14BFA51D00A37E06 /* up.png */ = {isa = PBXFileReference; lastKnownFileType = image.png; name = up.png; path = graphics/up.png; sourceTree = SOURCE_ROOT; };
		A61F479014BFAE9D00A37E06 /* submitBackground.png */ = {isa = PBXFileReference; lastKnownFileType = image.png; name = submitBackground.png; path = graphics/submitBackground.png; sourceTree = SOURCE_ROOT; };
		A61F479214BFB90200A37E06 /* send.png */ = {isa = PBXFileReference; lastKnownFileType = image.png; name = send.png; path = graphics/send.png; sourceTree = SOURCE_ROOT; };
		A61F479914BFD3C900A37E06 /* cameraPop.png */ = {isa = PBXFileReference; lastKnownFileType = image.png; name = cameraPop.png; path = graphics/cameraPop.png; sourceTree = SOURCE_ROOT; };
		A61F479B14BFD3C900A37E06 /* retakeButton.png */ = {isa = PBXFileReference; lastKnownFileType = image.png; name = retakeButton.png; path = graphics/retakeButton.png; sourceTree = SOURCE_ROOT; };
		A61F479C14BFD3C900A37E06 /* uploadButton.png */ = {isa = PBXFileReference; lastKnownFileType = image.png; name = uploadButton.png; path = graphics/uploadButton.png; sourceTree = SOURCE_ROOT; };
		A629265F14CE13E500266C22 /* threeDown.png */ = {isa = PBXFileReference; lastKnownFileType = image.png; name = threeDown.png; path = graphics/threeDown.png; sourceTree = SOURCE_ROOT; };
		A629266014CE13E500266C22 /* threeDefault.png */ = {isa = PBXFileReference; lastKnownFileType = image.png; name = threeDefault.png; path = graphics/threeDefault.png; sourceTree = SOURCE_ROOT; };
		A629266414CE19D500266C22 /* sixDown.png */ = {isa = PBXFileReference; lastKnownFileType = image.png; name = sixDown.png; path = graphics/sixDown.png; sourceTree = SOURCE_ROOT; };
		A629266514CE19D500266C22 /* sixDefault.png */ = {isa = PBXFileReference; lastKnownFileType = image.png; name = sixDefault.png; path = graphics/sixDefault.png; sourceTree = SOURCE_ROOT; };
		A629266614CE19D500266C22 /* manyDown.png */ = {isa = PBXFileReference; lastKnownFileType = image.png; name = manyDown.png; path = graphics/manyDown.png; sourceTree = SOURCE_ROOT; };
		A629266714CE19D500266C22 /* manyDefault.png */ = {isa = PBXFileReference; lastKnownFileType = image.png; name = manyDefault.png; path = graphics/manyDefault.png; sourceTree = SOURCE_ROOT; };
		A629266814CE19D500266C22 /* fourDown.png */ = {isa = PBXFileReference; lastKnownFileType = image.png; name = fourDown.png; path = graphics/fourDown.png; sourceTree = SOURCE_ROOT; };
		A629266914CE19D500266C22 /* fourDefault.png */ = {isa = PBXFileReference; lastKnownFileType = image.png; name = fourDefault.png; path = graphics/fourDefault.png; sourceTree = SOURCE_ROOT; };
		A629266A14CE19D500266C22 /* fiveDown.png */ = {isa = PBXFileReference; lastKnownFileType = image.png; name = fiveDown.png; path = graphics/fiveDown.png; sourceTree = SOURCE_ROOT; };
		A629266B14CE19D500266C22 /* fiveDefault.png */ = {isa = PBXFileReference; lastKnownFileType = image.png; name = fiveDefault.png; path = graphics/fiveDefault.png; sourceTree = SOURCE_ROOT; };
		A629267414CE2A1C00266C22 /* treeDown.png */ = {isa = PBXFileReference; lastKnownFileType = image.png; name = treeDown.png; path = graphics/treeDown.png; sourceTree = SOURCE_ROOT; };
		A629267514CE2A1D00266C22 /* treeDefault.png */ = {isa = PBXFileReference; lastKnownFileType = image.png; name = treeDefault.png; path = graphics/treeDefault.png; sourceTree = SOURCE_ROOT; };
		A629267614CE2A1D00266C22 /* irregularDown.png */ = {isa = PBXFileReference; lastKnownFileType = image.png; name = irregularDown.png; path = graphics/irregularDown.png; sourceTree = SOURCE_ROOT; };
		A629267714CE2A1D00266C22 /* irregularDefault.png */ = {isa = PBXFileReference; lastKnownFileType = image.png; name = irregularDefault.png; path = graphics/irregularDefault.png; sourceTree = SOURCE_ROOT; };
		A629267814CE2A1D00266C22 /* fruitDown.png */ = {isa = PBXFileReference; lastKnownFileType = image.png; name = fruitDown.png; path = graphics/fruitDown.png; sourceTree = SOURCE_ROOT; };
		A629267914CE2A1D00266C22 /* fruitDefault.png */ = {isa = PBXFileReference; lastKnownFileType = image.png; name = fruitDefault.png; path = graphics/fruitDefault.png; sourceTree = SOURCE_ROOT; };
		A629267A14CE2A1D00266C22 /* compositeDown.png */ = {isa = PBXFileReference; lastKnownFileType = image.png; name = compositeDown.png; path = graphics/compositeDown.png; sourceTree = SOURCE_ROOT; };
		A629267B14CE2A1E00266C22 /* compositeDefault.png */ = {isa = PBXFileReference; lastKnownFileType = image.png; name = compositeDefault.png; path = graphics/compositeDefault.png; sourceTree = SOURCE_ROOT; };
		A674B14214D0E6BE0087B912 /* galleryButton.png */ = {isa = PBXFileReference; lastKnownFileType = image.png; name = galleryButton.png; path = graphics/galleryButton.png; sourceTree = SOURCE_ROOT; };
		A674B14514D0E6C90087B912 /* timelineSelected.png */ = {isa = PBXFileReference; lastKnownFileType = image.png; name = timelineSelected.png; path = graphics/timelineSelected.png; sourceTree = SOURCE_ROOT; };
		A674B14614D0E6C90087B912 /* timelineBack.png */ = {isa = PBXFileReference; lastKnownFileType = image.png; name = timelineBack.png; path = graphics/timelineBack.png; sourceTree = SOURCE_ROOT; };
		A6B74EF8150A1B7A00D1B133 /* cancelButtton.png */ = {isa = PBXFileReference; lastKnownFileType = image.png; name = cancelButtton.png; path = graphics/cancelButtton.png; sourceTree = SOURCE_ROOT; };
		A6B74EFA150A1B7A00D1B133 /* galleryButton.psd */ = {isa = PBXFileReference; lastKnownFileType = file; name = galleryButton.psd; path = graphics/galleryButton.psd; sourceTree = SOURCE_ROOT; };
		A6B74EFE150A1B7A00D1B133 /* LockScreen.png */ = {isa = PBXFileReference; lastKnownFileType = image.png; name = LockScreen.png; path = graphics/LockScreen.png; sourceTree = SOURCE_ROOT; };
		A6B74EFF150A1B7A00D1B133 /* LockScreen@x2.png */ = {isa = PBXFileReference; lastKnownFileType = image.png; name = "LockScreen@x2.png"; path = "graphics/LockScreen@x2.png"; sourceTree = SOURCE_ROOT; };
		A6B74F00150A1B7A00D1B133 /* orangeOverlay.png */ = {isa = PBXFileReference; lastKnownFileType = image.png; name = orangeOverlay.png; path = graphics/orangeOverlay.png; sourceTree = SOURCE_ROOT; };
		A6B74F01150A1B7A00D1B133 /* right.psd */ = {isa = PBXFileReference; lastKnownFileType = file; name = right.psd; path = graphics/right.psd; sourceTree = SOURCE_ROOT; };
		A6B74F02150A1B7A00D1B133 /* timelinePlaceholder.png */ = {isa = PBXFileReference; lastKnownFileType = image.png; name = timelinePlaceholder.png; path = graphics/timelinePlaceholder.png; sourceTree = SOURCE_ROOT; };
		A6B74F0F150A1DD800D1B133 /* uploadButtonP.png */ = {isa = PBXFileReference; lastKnownFileType = image.png; name = uploadButtonP.png; path = graphics/uploadButtonP.png; sourceTree = SOURCE_ROOT; };
		A6B74F11150A1DE400D1B133 /* retakeButtonP.png */ = {isa = PBXFileReference; lastKnownFileType = image.png; name = retakeButtonP.png; path = graphics/retakeButtonP.png; sourceTree = SOURCE_ROOT; };
		A6B74F13150A20D200D1B133 /* GalleryIconT@x2.png */ = {isa = PBXFileReference; lastKnownFileType = image.png; name = "GalleryIconT@x2.png"; path = "graphics/GalleryIconT@x2.png"; sourceTree = SOURCE_ROOT; };
		A6B74F14150A20D200D1B133 /* GalleryIcon@x2.png */ = {isa = PBXFileReference; lastKnownFileType = image.png; name = "GalleryIcon@x2.png"; path = "graphics/GalleryIcon@x2.png"; sourceTree = SOURCE_ROOT; };
		A6B74F17150A20F300D1B133 /* MapIcon.psd */ = {isa = PBXFileReference; lastKnownFileType = file; name = MapIcon.psd; path = graphics/MapIcon.psd; sourceTree = SOURCE_ROOT; };
		A6B74F18150A20F300D1B133 /* MapIconT@x2.png */ = {isa = PBXFileReference; lastKnownFileType = image.png; name = "MapIconT@x2.png"; path = "graphics/MapIconT@x2.png"; sourceTree = SOURCE_ROOT; };
		A6B74F19150A20F300D1B133 /* MapIcon@x2.png */ = {isa = PBXFileReference; lastKnownFileType = image.png; name = "MapIcon@x2.png"; path = "graphics/MapIcon@x2.png"; sourceTree = SOURCE_ROOT; };
		A6B74F1A150A20F300D1B133 /* MenuReturnButton.png */ = {isa = PBXFileReference; lastKnownFileType = image.png; name = MenuReturnButton.png; path = graphics/MenuReturnButton.png; sourceTree = SOURCE_ROOT; };
		A6D3AC7F14BBBE57005BB81D /* GalleryIcon.png */ = {isa = PBXFileReference; lastKnownFileType = image.png; name = GalleryIcon.png; path = graphics/GalleryIcon.png; sourceTree = SOURCE_ROOT; };
		A6D3AC8114BBBF31005BB81D /* cameraIcon.png */ = {isa = PBXFileReference; lastKnownFileType = image.png; name = cameraIcon.png; path = graphics/cameraIcon.png; sourceTree = SOURCE_ROOT; };
		A6D3AC8314BBC2C0005BB81D /* MapIcon.png */ = {isa = PBXFileReference; lastKnownFileType = image.png; name = MapIcon.png; path = graphics/MapIcon.png; sourceTree = SOURCE_ROOT; };
		A6D3AC8D14BBC85F005BB81D /* CameraIconT.png */ = {isa = PBXFileReference; lastKnownFileType = image.png; name = CameraIconT.png; path = graphics/CameraIconT.png; sourceTree = SOURCE_ROOT; };
		A6D3AC8E14BBC85F005BB81D /* GalleryIconT.png */ = {isa = PBXFileReference; lastKnownFileType = image.png; name = GalleryIconT.png; path = graphics/GalleryIconT.png; sourceTree = SOURCE_ROOT; };
		A6D3AC8F14BBC85F005BB81D /* MapIconT.png */ = {isa = PBXFileReference; lastKnownFileType = image.png; name = MapIconT.png; path = graphics/MapIconT.png; sourceTree = SOURCE_ROOT; };
		A6D3AC9014BBC85F005BB81D /* swoopBarMiddle.png */ = {isa = PBXFileReference; lastKnownFileType = image.png; name = swoopBarMiddle.png; path = graphics/swoopBarMiddle.png; sourceTree = SOURCE_ROOT; };
		A6EFC47114C4E1DE0014ACA9 /* infoBack.png */ = {isa = PBXFileReference; lastKnownFileType = image.png; name = infoBack.png; path = graphics/infoBack.png; sourceTree = SOURCE_ROOT; };
		F414D9B11549F325008A38F5 /* UIImage+Alpha.h */ = {isa = PBXFileReference; fileEncoding = 4; lastKnownFileType = sourcecode.c.h; path = "UIImage+Alpha.h"; sourceTree = "<group>"; };
		F414D9B21549F325008A38F5 /* UIImage+Alpha.m */ = {isa = PBXFileReference; fileEncoding = 4; lastKnownFileType = sourcecode.c.objc; path = "UIImage+Alpha.m"; sourceTree = "<group>"; };
		F414D9B31549F325008A38F5 /* UIImage+Resize.h */ = {isa = PBXFileReference; fileEncoding = 4; lastKnownFileType = sourcecode.c.h; path = "UIImage+Resize.h"; sourceTree = "<group>"; };
		F414D9B41549F325008A38F5 /* UIImage+Resize.m */ = {isa = PBXFileReference; fileEncoding = 4; lastKnownFileType = sourcecode.c.objc; path = "UIImage+Resize.m"; sourceTree = "<group>"; };
		F414D9B51549F325008A38F5 /* UIImage+RoundedCorner.h */ = {isa = PBXFileReference; fileEncoding = 4; lastKnownFileType = sourcecode.c.h; path = "UIImage+RoundedCorner.h"; sourceTree = "<group>"; };
		F414D9B61549F325008A38F5 /* UIImage+RoundedCorner.m */ = {isa = PBXFileReference; fileEncoding = 4; lastKnownFileType = sourcecode.c.objc; path = "UIImage+RoundedCorner.m"; sourceTree = "<group>"; };
		F414D9B81549F325008A38F5 /* RHDataModel.h */ = {isa = PBXFileReference; fileEncoding = 4; lastKnownFileType = sourcecode.c.h; path = RHDataModel.h; sourceTree = "<group>"; };
		F414D9B91549F325008A38F5 /* RHDataModel.m */ = {isa = PBXFileReference; fileEncoding = 4; lastKnownFileType = sourcecode.c.objc; path = RHDataModel.m; sourceTree = "<group>"; };
		F414D9BA1549F325008A38F5 /* RHDeviceUser.h */ = {isa = PBXFileReference; fileEncoding = 4; lastKnownFileType = sourcecode.c.h; path = RHDeviceUser.h; sourceTree = "<group>"; };
		F414D9BB1549F325008A38F5 /* RHDeviceUser.m */ = {isa = PBXFileReference; fileEncoding = 4; lastKnownFileType = sourcecode.c.objc; path = RHDeviceUser.m; sourceTree = "<group>"; };
		F414D9BC1549F325008A38F5 /* RHDocument.h */ = {isa = PBXFileReference; fileEncoding = 4; lastKnownFileType = sourcecode.c.h; path = RHDocument.h; sourceTree = "<group>"; };
		F414D9BD1549F325008A38F5 /* RHDocument.m */ = {isa = PBXFileReference; fileEncoding = 4; lastKnownFileType = sourcecode.c.objc; path = RHDocument.m; sourceTree = "<group>"; };
		F414D9BE1549F325008A38F5 /* RHLocation.h */ = {isa = PBXFileReference; fileEncoding = 4; lastKnownFileType = sourcecode.c.h; path = RHLocation.h; sourceTree = "<group>"; };
		F414D9BF1549F325008A38F5 /* RHLocation.m */ = {isa = PBXFileReference; fileEncoding = 4; lastKnownFileType = sourcecode.c.objc; path = RHLocation.m; sourceTree = "<group>"; };
		F414D9C11549F325008A38F5 /* RHMapAnnotation.h */ = {isa = PBXFileReference; fileEncoding = 4; lastKnownFileType = sourcecode.c.h; path = RHMapAnnotation.h; sourceTree = "<group>"; };
		F414D9C21549F325008A38F5 /* RHMapAnnotation.m */ = {isa = PBXFileReference; fileEncoding = 4; lastKnownFileType = sourcecode.c.objc; path = RHMapAnnotation.m; sourceTree = "<group>"; };
		F414D9C31549F325008A38F5 /* SSMapAnnotation.h */ = {isa = PBXFileReference; fileEncoding = 4; lastKnownFileType = sourcecode.c.h; path = SSMapAnnotation.h; sourceTree = "<group>"; };
		F414D9C41549F325008A38F5 /* SSMapAnnotation.m */ = {isa = PBXFileReference; fileEncoding = 4; lastKnownFileType = sourcecode.c.objc; path = SSMapAnnotation.m; sourceTree = "<group>"; };
		F414D9C51549F325008A38F5 /* WOverlay.h */ = {isa = PBXFileReference; fileEncoding = 4; lastKnownFileType = sourcecode.c.h; path = WOverlay.h; sourceTree = "<group>"; };
		F414D9C61549F325008A38F5 /* WOverlay.m */ = {isa = PBXFileReference; fileEncoding = 4; lastKnownFileType = sourcecode.c.objc; path = WOverlay.m; sourceTree = "<group>"; };
		F414D9C71549F325008A38F5 /* WOverlayView.h */ = {isa = PBXFileReference; fileEncoding = 4; lastKnownFileType = sourcecode.c.h; path = WOverlayView.h; sourceTree = "<group>"; };
		F414D9C81549F325008A38F5 /* WOverlayView.m */ = {isa = PBXFileReference; fileEncoding = 4; lastKnownFileType = sourcecode.c.objc; path = WOverlayView.m; sourceTree = "<group>"; };
		F414D9CB1549F325008A38F5 /* en */ = {isa = PBXFileReference; lastKnownFileType = text.plist.strings; name = en; path = en.lproj/InfoPlist.strings; sourceTree = "<group>"; };
		F414D9CC1549F325008A38F5 /* main.m */ = {isa = PBXFileReference; fileEncoding = 4; lastKnownFileType = sourcecode.c.objc; path = main.m; sourceTree = "<group>"; };
		F414D9CD1549F325008A38F5 /* Rhus-Prefix.pch */ = {isa = PBXFileReference; fileEncoding = 4; lastKnownFileType = sourcecode.c.h; path = "Rhus-Prefix.pch"; sourceTree = "<group>"; };
		F414D9CF1549F325008A38F5 /* OrderedDictionary.h */ = {isa = PBXFileReference; fileEncoding = 4; lastKnownFileType = sourcecode.c.h; path = OrderedDictionary.h; sourceTree = "<group>"; };
		F414D9D01549F325008A38F5 /* OrderedDictionary.m */ = {isa = PBXFileReference; fileEncoding = 4; lastKnownFileType = sourcecode.c.objc; path = OrderedDictionary.m; sourceTree = "<group>"; };
		F414D9D11549F325008A38F5 /* SharedInstanceMacro.h */ = {isa = PBXFileReference; fileEncoding = 4; lastKnownFileType = sourcecode.c.h; path = SharedInstanceMacro.h; sourceTree = "<group>"; };
		F414D9D31549F325008A38F5 /* AppDelegate.h */ = {isa = PBXFileReference; fileEncoding = 4; lastKnownFileType = sourcecode.c.h; path = AppDelegate.h; sourceTree = "<group>"; };
		F414D9D41549F325008A38F5 /* AppDelegate.m */ = {isa = PBXFileReference; fileEncoding = 4; lastKnownFileType = sourcecode.c.objc; path = AppDelegate.m; sourceTree = "<group>"; };
		F414D9D51549F325008A38F5 /* CameraViewController.h */ = {isa = PBXFileReference; fileEncoding = 4; lastKnownFileType = sourcecode.c.h; path = CameraViewController.h; sourceTree = "<group>"; };
		F414D9D61549F325008A38F5 /* CameraViewController.m */ = {isa = PBXFileReference; fileEncoding = 4; lastKnownFileType = sourcecode.c.objc; path = CameraViewController.m; sourceTree = "<group>"; };
		F414D9D71549F325008A38F5 /* CameraViewController.xib */ = {isa = PBXFileReference; fileEncoding = 4; lastKnownFileType = file.xib; path = CameraViewController.xib; sourceTree = "<group>"; };
		F414D9D81549F325008A38F5 /* FullscreenTransitionDelegate.h */ = {isa = PBXFileReference; fileEncoding = 4; lastKnownFileType = sourcecode.c.h; path = FullscreenTransitionDelegate.h; sourceTree = "<group>"; };
		F414D9D91549F325008A38F5 /* GalleryViewController.h */ = {isa = PBXFileReference; fileEncoding = 4; lastKnownFileType = sourcecode.c.h; path = GalleryViewController.h; sourceTree = "<group>"; };
		F414D9DA1549F325008A38F5 /* GalleryViewController.m */ = {isa = PBXFileReference; fileEncoding = 4; lastKnownFileType = sourcecode.c.objc; path = GalleryViewController.m; sourceTree = "<group>"; };
		F414D9DB1549F325008A38F5 /* GalleryViewController.xib */ = {isa = PBXFileReference; fileEncoding = 4; lastKnownFileType = file.xib; path = GalleryViewController.xib; sourceTree = "<group>"; };
		F414D9DC1549F325008A38F5 /* ImageScrollView.h */ = {isa = PBXFileReference; fileEncoding = 4; lastKnownFileType = sourcecode.c.h; path = ImageScrollView.h; sourceTree = "<group>"; };
		F414D9DD1549F325008A38F5 /* ImageScrollView.m */ = {isa = PBXFileReference; fileEncoding = 4; lastKnownFileType = sourcecode.c.objc; path = ImageScrollView.m; sourceTree = "<group>"; };
		F414D9DE1549F325008A38F5 /* LoadingViewController.h */ = {isa = PBXFileReference; fileEncoding = 4; lastKnownFileType = sourcecode.c.h; path = LoadingViewController.h; sourceTree = "<group>"; };
		F414D9DF1549F325008A38F5 /* LoadingViewController.m */ = {isa = PBXFileReference; fileEncoding = 4; lastKnownFileType = sourcecode.c.objc; path = LoadingViewController.m; sourceTree = "<group>"; };
		F414D9E01549F325008A38F5 /* LoadingViewController.xib */ = {isa = PBXFileReference; fileEncoding = 4; lastKnownFileType = file.xib; path = LoadingViewController.xib; sourceTree = "<group>"; };
		F414D9E11549F325008A38F5 /* MapViewController.h */ = {isa = PBXFileReference; fileEncoding = 4; lastKnownFileType = sourcecode.c.h; path = MapViewController.h; sourceTree = "<group>"; };
		F414D9E21549F325008A38F5 /* MapViewController.m */ = {isa = PBXFileReference; fileEncoding = 4; lastKnownFileType = sourcecode.c.objc; path = MapViewController.m; sourceTree = "<group>"; };
		F414D9E31549F325008A38F5 /* MapViewController.xib */ = {isa = PBXFileReference; fileEncoding = 4; lastKnownFileType = file.xib; path = MapViewController.xib; sourceTree = "<group>"; };
		F414D9E41549F325008A38F5 /* SwoopTabViewController.h */ = {isa = PBXFileReference; fileEncoding = 4; lastKnownFileType = sourcecode.c.h; path = SwoopTabViewController.h; sourceTree = "<group>"; };
		F414D9E51549F325008A38F5 /* SwoopTabViewController.m */ = {isa = PBXFileReference; fileEncoding = 4; lastKnownFileType = sourcecode.c.objc; path = SwoopTabViewController.m; sourceTree = "<group>"; };
		F414D9E61549F325008A38F5 /* SwoopTabViewController.xib */ = {isa = PBXFileReference; fileEncoding = 4; lastKnownFileType = file.xib; path = SwoopTabViewController.xib; sourceTree = "<group>"; };
		F414D9E71549F325008A38F5 /* TimelineVisualizationView.h */ = {isa = PBXFileReference; fileEncoding = 4; lastKnownFileType = sourcecode.c.h; path = TimelineVisualizationView.h; sourceTree = "<group>"; };
		F414D9E81549F325008A38F5 /* TimelineVisualizationView.m */ = {isa = PBXFileReference; fileEncoding = 4; lastKnownFileType = sourcecode.c.objc; path = TimelineVisualizationView.m; sourceTree = "<group>"; };
		F414DA59154A017A008A38F5 /* swoopBarBottom.png */ = {isa = PBXFileReference; lastKnownFileType = image.png; name = swoopBarBottom.png; path = graphics/swoopBarBottom.png; sourceTree = SOURCE_ROOT; };
		F414DA5A154A017A008A38F5 /* swoopBarTop.png */ = {isa = PBXFileReference; lastKnownFileType = image.png; name = swoopBarTop.png; path = graphics/swoopBarTop.png; sourceTree = SOURCE_ROOT; };
		F415F1B5155DBD1A00E25BFF /* RHSettings.h */ = {isa = PBXFileReference; fileEncoding = 4; lastKnownFileType = sourcecode.c.h; path = RHSettings.h; sourceTree = "<group>"; };
		F42672CA1564FC4500C6580F /* TouchDB.framework */ = {isa = PBXFileReference; lastKnownFileType = wrapper.framework; name = TouchDB.framework; path = Frameworks/TouchDB.framework; sourceTree = "<group>"; };
		F42672CC156504FB00C6580F /* libsqlite3.0.dylib */ = {isa = PBXFileReference; lastKnownFileType = "compiled.mach-o.dylib"; name = libsqlite3.0.dylib; path = Platforms/iPhoneOS.platform/Developer/SDKs/iPhoneOS5.1.sdk/usr/lib/libsqlite3.0.dylib; sourceTree = DEVELOPER_DIR; };
		F43540DC14D1140D00C206CA /* mapPointPopup.png */ = {isa = PBXFileReference; lastKnownFileType = image.png; name = mapPointPopup.png; path = graphics/mapPointPopup.png; sourceTree = SOURCE_ROOT; };
		F43540DD14D1140D00C206CA /* mapPoint.png */ = {isa = PBXFileReference; lastKnownFileType = image.png; name = mapPoint.png; path = graphics/mapPoint.png; sourceTree = SOURCE_ROOT; };
		F43B7E7F1508F33A00584E8B /* orangeOverlay.png */ = {isa = PBXFileReference; lastKnownFileType = image.png; name = orangeOverlay.png; path = graphics/orangeOverlay.png; sourceTree = SOURCE_ROOT; };
		F49E28C9154F1E7B00AB8461 /* Default.png */ = {isa = PBXFileReference; lastKnownFileType = image.png; name = Default.png; path = Targets/Rhus/Default.png; sourceTree = SOURCE_ROOT; };
		F49E28CA154F1E7B00AB8461 /* Defaultx2.png */ = {isa = PBXFileReference; lastKnownFileType = image.png; name = Defaultx2.png; path = Targets/Rhus/Defaultx2.png; sourceTree = SOURCE_ROOT; };
		F49E28CB154F1E7B00AB8461 /* Icon.png */ = {isa = PBXFileReference; lastKnownFileType = image.png; name = Icon.png; path = Targets/Rhus/Icon.png; sourceTree = SOURCE_ROOT; };
		F49E28CC154F1E7B00AB8461 /* Iconx2.png */ = {isa = PBXFileReference; lastKnownFileType = image.png; name = Iconx2.png; path = Targets/Rhus/Iconx2.png; sourceTree = SOURCE_ROOT; };
		F49E28CD154F1E7B00AB8461 /* Loading.png */ = {isa = PBXFileReference; lastKnownFileType = image.png; name = Loading.png; path = Targets/Rhus/Loading.png; sourceTree = SOURCE_ROOT; };
		F49E28CE154F1E7B00AB8461 /* Loadingx2.png */ = {isa = PBXFileReference; lastKnownFileType = image.png; name = Loadingx2.png; path = Targets/Rhus/Loadingx2.png; sourceTree = SOURCE_ROOT; };
		F49E28CF154F1E7B00AB8461 /* RHSettings_Rhus.m */ = {isa = PBXFileReference; fileEncoding = 4; lastKnownFileType = sourcecode.c.objc; name = RHSettings_Rhus.m; path = Targets/Rhus/RHSettings_Rhus.m; sourceTree = SOURCE_ROOT; };
		F49E28D1154F1E7B00AB8461 /* Rhus-Info.plist */ = {isa = PBXFileReference; fileEncoding = 4; lastKnownFileType = text.plist.xml; name = "Rhus-Info.plist"; path = "Targets/Rhus/Rhus-Info.plist"; sourceTree = SOURCE_ROOT; };
		F4AA3F4014DA2F4800ED3CCE /* MapKit.framework */ = {isa = PBXFileReference; lastKnownFileType = wrapper.framework; name = MapKit.framework; path = System/Library/Frameworks/MapKit.framework; sourceTree = SDKROOT; };
		F4AA3F4314DA2F5100ED3CCE /* CouchCocoa.framework */ = {isa = PBXFileReference; lastKnownFileType = wrapper.framework; name = CouchCocoa.framework; path = Frameworks/CouchCocoa.framework; sourceTree = "<group>"; };
		F4AA3F4C14DA5B3E00ED3CCE /* Security.framework */ = {isa = PBXFileReference; lastKnownFileType = wrapper.framework; name = Security.framework; path = System/Library/Frameworks/Security.framework; sourceTree = SDKROOT; };
		F4AA3F4E14DA5B4A00ED3CCE /* libz.dylib */ = {isa = PBXFileReference; lastKnownFileType = "compiled.mach-o.dylib"; name = libz.dylib; path = usr/lib/libz.dylib; sourceTree = SDKROOT; };
		F4AA3F5214DA5BBA00ED3CCE /* libstdc++.dylib */ = {isa = PBXFileReference; lastKnownFileType = "compiled.mach-o.dylib"; name = "libstdc++.dylib"; path = "usr/lib/libstdc++.dylib"; sourceTree = SDKROOT; };
		F4C0624514BE6D0A0008FBB5 /* GHUnitIOS.framework */ = {isa = PBXFileReference; lastKnownFileType = wrapper.framework; name = GHUnitIOS.framework; path = "../../IphoneDevelopment/Libs/gh-unit/Project-iOS/build/Framework/GHUnitIOS.framework"; sourceTree = "<group>"; };
		F4C1734D154B698100A929E1 /* Reachability.h */ = {isa = PBXFileReference; fileEncoding = 4; lastKnownFileType = sourcecode.c.h; path = Reachability.h; sourceTree = "<group>"; };
		F4C1734E154B698100A929E1 /* Reachability.m */ = {isa = PBXFileReference; fileEncoding = 4; lastKnownFileType = sourcecode.c.objc; path = Reachability.m; sourceTree = "<group>"; };
		F4C17351154B74FF00A929E1 /* SystemConfiguration.framework */ = {isa = PBXFileReference; lastKnownFileType = wrapper.framework; name = SystemConfiguration.framework; path = Platforms/iPhoneOS.platform/Developer/SDKs/iPhoneOS5.1.sdk/System/Library/Frameworks/SystemConfiguration.framework; sourceTree = DEVELOPER_DIR; };
		F4CE8857150C08A3009AE0FC /* CoreLocation.framework */ = {isa = PBXFileReference; lastKnownFileType = wrapper.framework; name = CoreLocation.framework; path = System/Library/Frameworks/CoreLocation.framework; sourceTree = SDKROOT; };
		F4D3928F14BBA6660051E831 /* Rhus.app */ = {isa = PBXFileReference; explicitFileType = wrapper.application; includeInIndex = 0; path = Rhus.app; sourceTree = BUILT_PRODUCTS_DIR; };
		F4D3929314BBA6660051E831 /* UIKit.framework */ = {isa = PBXFileReference; lastKnownFileType = wrapper.framework; name = UIKit.framework; path = System/Library/Frameworks/UIKit.framework; sourceTree = SDKROOT; };
		F4D3929514BBA6660051E831 /* Foundation.framework */ = {isa = PBXFileReference; lastKnownFileType = wrapper.framework; name = Foundation.framework; path = System/Library/Frameworks/Foundation.framework; sourceTree = SDKROOT; };
		F4D3929714BBA6660051E831 /* CoreGraphics.framework */ = {isa = PBXFileReference; lastKnownFileType = wrapper.framework; name = CoreGraphics.framework; path = System/Library/Frameworks/CoreGraphics.framework; sourceTree = SDKROOT; };
		F4D392AB14BBA6660051E831 /* SenTestingKit.framework */ = {isa = PBXFileReference; lastKnownFileType = wrapper.framework; name = SenTestingKit.framework; path = Library/Frameworks/SenTestingKit.framework; sourceTree = DEVELOPER_DIR; };
		F4D392B314BBA6660051E831 /* Wildflowers of Detroit IphoneTests-Info.plist */ = {isa = PBXFileReference; lastKnownFileType = text.plist.xml; path = "Wildflowers of Detroit IphoneTests-Info.plist"; sourceTree = "<group>"; };
		F4D392B514BBA6660051E831 /* en */ = {isa = PBXFileReference; lastKnownFileType = text.plist.strings; name = en; path = en.lproj/InfoPlist.strings; sourceTree = "<group>"; };
		F4DCC949155DC84F0056E1C6 /* ProjectsTableViewController.h */ = {isa = PBXFileReference; fileEncoding = 4; lastKnownFileType = sourcecode.c.h; path = ProjectsTableViewController.h; sourceTree = "<group>"; };
		F4DCC94A155DC84F0056E1C6 /* ProjectsTableViewController.m */ = {isa = PBXFileReference; fileEncoding = 4; lastKnownFileType = sourcecode.c.objc; path = ProjectsTableViewController.m; sourceTree = "<group>"; };
		F4F2857A150DADBC009A24C9 /* shutter.png */ = {isa = PBXFileReference; lastKnownFileType = image.png; name = shutter.png; path = graphics/shutter.png; sourceTree = SOURCE_ROOT; };
		F4F2859D150DEA3A009A24C9 /* mapDeviceUserPoint.png */ = {isa = PBXFileReference; lastKnownFileType = image.png; name = mapDeviceUserPoint.png; path = graphics/mapDeviceUserPoint.png; sourceTree = SOURCE_ROOT; };
/* End PBXFileReference section */

/* Begin PBXFrameworksBuildPhase section */
		F4D3928C14BBA6660051E831 /* Frameworks */ = {
			isa = PBXFrameworksBuildPhase;
			buildActionMask = 2147483647;
			files = (
				F42672CD156504FB00C6580F /* libsqlite3.0.dylib in Frameworks */,
				F42672CB1564FC4500C6580F /* TouchDB.framework in Frameworks */,
				F4C17352154B74FF00A929E1 /* SystemConfiguration.framework in Frameworks */,
				F4CE8858150C08A3009AE0FC /* CoreLocation.framework in Frameworks */,
				F4AA3F5314DA5BBA00ED3CCE /* libstdc++.dylib in Frameworks */,
				F4AA3F4F14DA5B4A00ED3CCE /* libz.dylib in Frameworks */,
				F4AA3F4D14DA5B3E00ED3CCE /* Security.framework in Frameworks */,
				F4AA3F4514DA2F5100ED3CCE /* CouchCocoa.framework in Frameworks */,
				F4AA3F4114DA2F4800ED3CCE /* MapKit.framework in Frameworks */,
				F4D3929414BBA6660051E831 /* UIKit.framework in Frameworks */,
				F4D3929614BBA6660051E831 /* Foundation.framework in Frameworks */,
				F4D3929814BBA6660051E831 /* CoreGraphics.framework in Frameworks */,
			);
			runOnlyForDeploymentPostprocessing = 0;
		};
/* End PBXFrameworksBuildPhase section */

/* Begin PBXGroup section */
		A6A620D814BBBB670096CA01 /* Graphics */ = {
			isa = PBXGroup;
			children = (
				F414DA59154A017A008A38F5 /* swoopBarBottom.png */,
				F414DA5A154A017A008A38F5 /* swoopBarTop.png */,
				F4F2859D150DEA3A009A24C9 /* mapDeviceUserPoint.png */,
				F4F2857A150DADBC009A24C9 /* shutter.png */,
				F43B7E7F1508F33A00584E8B /* orangeOverlay.png */,
				A6B74F17150A20F300D1B133 /* MapIcon.psd */,
				A6B74F18150A20F300D1B133 /* MapIconT@x2.png */,
				A6B74F19150A20F300D1B133 /* MapIcon@x2.png */,
				A6B74F1A150A20F300D1B133 /* MenuReturnButton.png */,
				A6B74F13150A20D200D1B133 /* GalleryIconT@x2.png */,
				A6B74F14150A20D200D1B133 /* GalleryIcon@x2.png */,
				A6B74F11150A1DE400D1B133 /* retakeButtonP.png */,
				A6B74F0F150A1DD800D1B133 /* uploadButtonP.png */,
				A6B74EF8150A1B7A00D1B133 /* cancelButtton.png */,
				A6B74EFA150A1B7A00D1B133 /* galleryButton.psd */,
				A6B74EFE150A1B7A00D1B133 /* LockScreen.png */,
				A6B74EFF150A1B7A00D1B133 /* LockScreen@x2.png */,
				A6B74F00150A1B7A00D1B133 /* orangeOverlay.png */,
				A6B74F01150A1B7A00D1B133 /* right.psd */,
				A6B74F02150A1B7A00D1B133 /* timelinePlaceholder.png */,
				F43540DC14D1140D00C206CA /* mapPointPopup.png */,
				F43540DD14D1140D00C206CA /* mapPoint.png */,
				A674B14514D0E6C90087B912 /* timelineSelected.png */,
				A674B14614D0E6C90087B912 /* timelineBack.png */,
				A674B14214D0E6BE0087B912 /* galleryButton.png */,
				A629267414CE2A1C00266C22 /* treeDown.png */,
				A629267514CE2A1D00266C22 /* treeDefault.png */,
				A629267614CE2A1D00266C22 /* irregularDown.png */,
				A629267714CE2A1D00266C22 /* irregularDefault.png */,
				A629267814CE2A1D00266C22 /* fruitDown.png */,
				A629267914CE2A1D00266C22 /* fruitDefault.png */,
				A629267A14CE2A1D00266C22 /* compositeDown.png */,
				A629267B14CE2A1E00266C22 /* compositeDefault.png */,
				A629266414CE19D500266C22 /* sixDown.png */,
				A629266514CE19D500266C22 /* sixDefault.png */,
				A629266614CE19D500266C22 /* manyDown.png */,
				A629266714CE19D500266C22 /* manyDefault.png */,
				A629266814CE19D500266C22 /* fourDown.png */,
				A629266914CE19D500266C22 /* fourDefault.png */,
				A629266A14CE19D500266C22 /* fiveDown.png */,
				A629266B14CE19D500266C22 /* fiveDefault.png */,
				A629265F14CE13E500266C22 /* threeDown.png */,
				A629266014CE13E500266C22 /* threeDefault.png */,
				A6EFC47114C4E1DE0014ACA9 /* infoBack.png */,
				A61F479914BFD3C900A37E06 /* cameraPop.png */,
				A61F479B14BFD3C900A37E06 /* retakeButton.png */,
				A61F479C14BFD3C900A37E06 /* uploadButton.png */,
				A61F479214BFB90200A37E06 /* send.png */,
				A61F479014BFAE9D00A37E06 /* submitBackground.png */,
				A61F478714BFA51D00A37E06 /* info.png */,
				A61F478A14BFA51D00A37E06 /* up.png */,
				A6D3AC8E14BBC85F005BB81D /* GalleryIconT.png */,
				A6D3AC8D14BBC85F005BB81D /* CameraIconT.png */,
				A6D3AC8F14BBC85F005BB81D /* MapIconT.png */,
				A6D3AC9014BBC85F005BB81D /* swoopBarMiddle.png */,
				A6D3AC8314BBC2C0005BB81D /* MapIcon.png */,
				A6D3AC8114BBBF31005BB81D /* cameraIcon.png */,
				A6D3AC7F14BBBE57005BB81D /* GalleryIcon.png */,
			);
			name = Graphics;
			path = "Wildflowers of Detroit Iphone";
			sourceTree = "<group>";
		};
		F414D9AF1549F325008A38F5 /* Source */ = {
			isa = PBXGroup;
			children = (
				F4C1734C154B698100A929E1 /* Third Party */,
				F414D9B01549F325008A38F5 /* Categories */,
				F414D9B71549F325008A38F5 /* DataModels */,
				F414D9C01549F325008A38F5 /* Maps */,
				F414D9C91549F325008A38F5 /* Supporting Files */,
				F414D9CE1549F325008A38F5 /* Util */,
				F414D9D21549F325008A38F5 /* Views and Controllers */,
			);
			path = Source;
			sourceTree = "<group>";
		};
		F414D9B01549F325008A38F5 /* Categories */ = {
			isa = PBXGroup;
			children = (
				F414D9B11549F325008A38F5 /* UIImage+Alpha.h */,
				F414D9B21549F325008A38F5 /* UIImage+Alpha.m */,
				F414D9B31549F325008A38F5 /* UIImage+Resize.h */,
				F414D9B41549F325008A38F5 /* UIImage+Resize.m */,
				F414D9B51549F325008A38F5 /* UIImage+RoundedCorner.h */,
				F414D9B61549F325008A38F5 /* UIImage+RoundedCorner.m */,
			);
			path = Categories;
			sourceTree = "<group>";
		};
		F414D9B71549F325008A38F5 /* DataModels */ = {
			isa = PBXGroup;
			children = (
				F415F1B5155DBD1A00E25BFF /* RHSettings.h */,
				F414D9B81549F325008A38F5 /* RHDataModel.h */,
				F414D9B91549F325008A38F5 /* RHDataModel.m */,
				F414D9BA1549F325008A38F5 /* RHDeviceUser.h */,
				F414D9BB1549F325008A38F5 /* RHDeviceUser.m */,
				F414D9BC1549F325008A38F5 /* RHDocument.h */,
				F414D9BD1549F325008A38F5 /* RHDocument.m */,
				F414D9BE1549F325008A38F5 /* RHLocation.h */,
				F414D9BF1549F325008A38F5 /* RHLocation.m */,
			);
			path = DataModels;
			sourceTree = "<group>";
		};
		F414D9C01549F325008A38F5 /* Maps */ = {
			isa = PBXGroup;
			children = (
				F414D9C11549F325008A38F5 /* RHMapAnnotation.h */,
				F414D9C21549F325008A38F5 /* RHMapAnnotation.m */,
				F414D9C31549F325008A38F5 /* SSMapAnnotation.h */,
				F414D9C41549F325008A38F5 /* SSMapAnnotation.m */,
				F414D9C51549F325008A38F5 /* WOverlay.h */,
				F414D9C61549F325008A38F5 /* WOverlay.m */,
				F414D9C71549F325008A38F5 /* WOverlayView.h */,
				F414D9C81549F325008A38F5 /* WOverlayView.m */,
			);
			path = Maps;
			sourceTree = "<group>";
		};
		F414D9C91549F325008A38F5 /* Supporting Files */ = {
			isa = PBXGroup;
			children = (
				F414D9CA1549F325008A38F5 /* InfoPlist.strings */,
				F414D9CC1549F325008A38F5 /* main.m */,
				F414D9CD1549F325008A38F5 /* Rhus-Prefix.pch */,
			);
			path = "Supporting Files";
			sourceTree = "<group>";
		};
		F414D9CE1549F325008A38F5 /* Util */ = {
			isa = PBXGroup;
			children = (
				F414D9CF1549F325008A38F5 /* OrderedDictionary.h */,
				F414D9D01549F325008A38F5 /* OrderedDictionary.m */,
				F414D9D11549F325008A38F5 /* SharedInstanceMacro.h */,
			);
			path = Util;
			sourceTree = "<group>";
		};
		F414D9D21549F325008A38F5 /* Views and Controllers */ = {
			isa = PBXGroup;
			children = (
				F414D9D31549F325008A38F5 /* AppDelegate.h */,
				F414D9D41549F325008A38F5 /* AppDelegate.m */,
				F414D9D51549F325008A38F5 /* CameraViewController.h */,
				F414D9D61549F325008A38F5 /* CameraViewController.m */,
				F414D9D71549F325008A38F5 /* CameraViewController.xib */,
				F414D9D81549F325008A38F5 /* FullscreenTransitionDelegate.h */,
				F414D9D91549F325008A38F5 /* GalleryViewController.h */,
				F414D9DA1549F325008A38F5 /* GalleryViewController.m */,
				F414D9DB1549F325008A38F5 /* GalleryViewController.xib */,
				F414D9DC1549F325008A38F5 /* ImageScrollView.h */,
				F414D9DD1549F325008A38F5 /* ImageScrollView.m */,
				F414D9DE1549F325008A38F5 /* LoadingViewController.h */,
				F414D9DF1549F325008A38F5 /* LoadingViewController.m */,
				F414D9E01549F325008A38F5 /* LoadingViewController.xib */,
				F414D9E11549F325008A38F5 /* MapViewController.h */,
				F414D9E21549F325008A38F5 /* MapViewController.m */,
				F414D9E31549F325008A38F5 /* MapViewController.xib */,
				F414D9E41549F325008A38F5 /* SwoopTabViewController.h */,
				F414D9E51549F325008A38F5 /* SwoopTabViewController.m */,
				F414D9E61549F325008A38F5 /* SwoopTabViewController.xib */,
				F414D9E71549F325008A38F5 /* TimelineVisualizationView.h */,
				F414D9E81549F325008A38F5 /* TimelineVisualizationView.m */,
				F4DCC949155DC84F0056E1C6 /* ProjectsTableViewController.h */,
				F4DCC94A155DC84F0056E1C6 /* ProjectsTableViewController.m */,
			);
			path = "Views and Controllers";
			sourceTree = "<group>";
		};
		F4C1734C154B698100A929E1 /* Third Party */ = {
			isa = PBXGroup;
			children = (
				F4C1734D154B698100A929E1 /* Reachability.h */,
				F4C1734E154B698100A929E1 /* Reachability.m */,
			);
			path = "Third Party";
			sourceTree = "<group>";
		};
		F4CE8B30150C10AA009AE0FC /* Targets */ = {
			isa = PBXGroup;
			children = (
				F4CE8B31150C10AB009AE0FC /* Rhus */,
			);
			path = Targets;
			sourceTree = SOURCE_ROOT;
		};
		F4CE8B31150C10AB009AE0FC /* Rhus */ = {
			isa = PBXGroup;
			children = (
				F49E28C9154F1E7B00AB8461 /* Default.png */,
				F49E28CA154F1E7B00AB8461 /* Defaultx2.png */,
				F49E28CB154F1E7B00AB8461 /* Icon.png */,
				F49E28CC154F1E7B00AB8461 /* Iconx2.png */,
				F49E28CD154F1E7B00AB8461 /* Loading.png */,
				F49E28CE154F1E7B00AB8461 /* Loadingx2.png */,
				F49E28CF154F1E7B00AB8461 /* RHSettings_Rhus.m */,
				F49E28D1154F1E7B00AB8461 /* Rhus-Info.plist */,
			);
			name = Rhus;
			path = Dev;
			sourceTree = "<group>";
		};
		F4D3928414BBA6650051E831 = {
			isa = PBXGroup;
			children = (
				F42672CC156504FB00C6580F /* libsqlite3.0.dylib */,
				F42672CA1564FC4500C6580F /* TouchDB.framework */,
				F4C17351154B74FF00A929E1 /* SystemConfiguration.framework */,
				F4CE8B30150C10AA009AE0FC /* Targets */,
				A6A620D814BBBB670096CA01 /* Graphics */,
				F414D9AF1549F325008A38F5 /* Source */,
				F4D392B114BBA6660051E831 /* Rhus Tests */,
				F4D3929214BBA6660051E831 /* Frameworks */,
				F4D3929014BBA6660051E831 /* Products */,
			);
			sourceTree = "<group>";
		};
		F4D3929014BBA6660051E831 /* Products */ = {
			isa = PBXGroup;
			children = (
				F4D3928F14BBA6660051E831 /* Rhus.app */,
			);
			name = Products;
			sourceTree = "<group>";
		};
		F4D3929214BBA6660051E831 /* Frameworks */ = {
			isa = PBXGroup;
			children = (
				F4CE8857150C08A3009AE0FC /* CoreLocation.framework */,
				F4AA3F5214DA5BBA00ED3CCE /* libstdc++.dylib */,
				F4AA3F4E14DA5B4A00ED3CCE /* libz.dylib */,
				F4AA3F4C14DA5B3E00ED3CCE /* Security.framework */,
				F4AA3F4314DA2F5100ED3CCE /* CouchCocoa.framework */,
				F4AA3F4014DA2F4800ED3CCE /* MapKit.framework */,
				F4C0624514BE6D0A0008FBB5 /* GHUnitIOS.framework */,
				F4D3929314BBA6660051E831 /* UIKit.framework */,
				F4D3929514BBA6660051E831 /* Foundation.framework */,
				F4D3929714BBA6660051E831 /* CoreGraphics.framework */,
				F4D392AB14BBA6660051E831 /* SenTestingKit.framework */,
			);
			name = Frameworks;
			sourceTree = "<group>";
		};
		F4D392B114BBA6660051E831 /* Rhus Tests */ = {
			isa = PBXGroup;
			children = (
				F4D392B214BBA6660051E831 /* Supporting Files */,
			);
			name = "Rhus Tests";
			path = "Wildflowers of Detroit IphoneTests";
			sourceTree = "<group>";
		};
		F4D392B214BBA6660051E831 /* Supporting Files */ = {
			isa = PBXGroup;
			children = (
				F4D392B314BBA6660051E831 /* Wildflowers of Detroit IphoneTests-Info.plist */,
				F4D392B414BBA6660051E831 /* InfoPlist.strings */,
			);
			name = "Supporting Files";
			sourceTree = "<group>";
		};
/* End PBXGroup section */

/* Begin PBXNativeTarget section */
		F4D3928E14BBA6660051E831 /* Rhus */ = {
			isa = PBXNativeTarget;
			buildConfigurationList = F4D392BC14BBA6660051E831 /* Build configuration list for PBXNativeTarget "Rhus" */;
			buildPhases = (
				F4D3928B14BBA6660051E831 /* Sources */,
				F4D3928C14BBA6660051E831 /* Frameworks */,
				F4D3928D14BBA6660051E831 /* Resources */,
			);
			buildRules = (
			);
			dependencies = (
			);
			name = Rhus;
			productName = "Wildflowers of Detroit Iphone";
			productReference = F4D3928F14BBA6660051E831 /* Rhus.app */;
			productType = "com.apple.product-type.application";
		};
/* End PBXNativeTarget section */

/* Begin PBXProject section */
		F4D3928614BBA6650051E831 /* Project object */ = {
			isa = PBXProject;
			attributes = {
				LastUpgradeCheck = 0420;
			};
			buildConfigurationList = F4D3928914BBA6650051E831 /* Build configuration list for PBXProject "Rhus" */;
			compatibilityVersion = "Xcode 3.2";
			developmentRegion = English;
			hasScannedForEncodings = 0;
			knownRegions = (
				en,
			);
			mainGroup = F4D3928414BBA6650051E831;
			productRefGroup = F4D3929014BBA6660051E831 /* Products */;
			projectDirPath = "";
			projectRoot = "";
			targets = (
				F4D3928E14BBA6660051E831 /* Rhus */,
			);
		};
/* End PBXProject section */

/* Begin PBXResourcesBuildPhase section */
		F4D3928D14BBA6660051E831 /* Resources */ = {
			isa = PBXResourcesBuildPhase;
			buildActionMask = 2147483647;
			files = (
				A6D3AC8014BBBE57005BB81D /* GalleryIcon.png in Resources */,
				A6D3AC8214BBBF31005BB81D /* cameraIcon.png in Resources */,
				A6D3AC8414BBC2C0005BB81D /* MapIcon.png in Resources */,
				A6D3AC9114BBC85F005BB81D /* CameraIconT.png in Resources */,
				A6D3AC9214BBC85F005BB81D /* GalleryIconT.png in Resources */,
				A6D3AC9314BBC85F005BB81D /* MapIconT.png in Resources */,
				A6D3AC9414BBC85F005BB81D /* swoopBarMiddle.png in Resources */,
				A61F478B14BFA51D00A37E06 /* info.png in Resources */,
				A61F478E14BFA51D00A37E06 /* up.png in Resources */,
				A61F479114BFAE9D00A37E06 /* submitBackground.png in Resources */,
				A61F479314BFB90200A37E06 /* send.png in Resources */,
				A61F479D14BFD3C900A37E06 /* cameraPop.png in Resources */,
				A61F479F14BFD3C900A37E06 /* retakeButton.png in Resources */,
				A61F47A014BFD3C900A37E06 /* uploadButton.png in Resources */,
				A6EFC47214C4E1DE0014ACA9 /* infoBack.png in Resources */,
				A629266114CE13E500266C22 /* threeDown.png in Resources */,
				A629266214CE13E500266C22 /* threeDefault.png in Resources */,
				A629266C14CE19D500266C22 /* sixDown.png in Resources */,
				A629266D14CE19D500266C22 /* sixDefault.png in Resources */,
				A629266E14CE19D500266C22 /* manyDown.png in Resources */,
				A629266F14CE19D500266C22 /* manyDefault.png in Resources */,
				A629267014CE19D500266C22 /* fourDown.png in Resources */,
				A629267114CE19D500266C22 /* fourDefault.png in Resources */,
				A629267214CE19D500266C22 /* fiveDown.png in Resources */,
				A629267314CE19D500266C22 /* fiveDefault.png in Resources */,
				A629267C14CE2A1E00266C22 /* treeDown.png in Resources */,
				A629267D14CE2A1E00266C22 /* treeDefault.png in Resources */,
				A629267E14CE2A1E00266C22 /* irregularDown.png in Resources */,
				A629267F14CE2A1E00266C22 /* irregularDefault.png in Resources */,
				A629268014CE2A1E00266C22 /* fruitDown.png in Resources */,
				A629268114CE2A1E00266C22 /* fruitDefault.png in Resources */,
				A629268214CE2A1E00266C22 /* compositeDown.png in Resources */,
				A629268314CE2A1E00266C22 /* compositeDefault.png in Resources */,
				A674B14314D0E6BE0087B912 /* galleryButton.png in Resources */,
				A674B14714D0E6C90087B912 /* timelineSelected.png in Resources */,
				A674B14814D0E6C90087B912 /* timelineBack.png in Resources */,
				F43540DE14D1140D00C206CA /* mapPointPopup.png in Resources */,
				F43540DF14D1140D00C206CA /* mapPoint.png in Resources */,
				F43B7E801508F33A00584E8B /* orangeOverlay.png in Resources */,
				A6B74F03150A1B7A00D1B133 /* cancelButtton.png in Resources */,
				A6B74F05150A1B7A00D1B133 /* galleryButton.psd in Resources */,
				A6B74F09150A1B7A00D1B133 /* LockScreen.png in Resources */,
				A6B74F0A150A1B7A00D1B133 /* LockScreen@x2.png in Resources */,
				A6B74F0B150A1B7A00D1B133 /* orangeOverlay.png in Resources */,
				A6B74F0C150A1B7A00D1B133 /* right.psd in Resources */,
				A6B74F0D150A1B7A00D1B133 /* timelinePlaceholder.png in Resources */,
				A6B74F10150A1DD800D1B133 /* uploadButtonP.png in Resources */,
				A6B74F12150A1DE400D1B133 /* retakeButtonP.png in Resources */,
				A6B74F15150A20D300D1B133 /* GalleryIconT@x2.png in Resources */,
				A6B74F16150A20D300D1B133 /* GalleryIcon@x2.png in Resources */,
				A6B74F1B150A20F300D1B133 /* MapIcon.psd in Resources */,
				A6B74F1C150A20F300D1B133 /* MapIconT@x2.png in Resources */,
				A6B74F1D150A20F300D1B133 /* MapIcon@x2.png in Resources */,
				A6B74F1E150A20F300D1B133 /* MenuReturnButton.png in Resources */,
				F4F2857B150DADBC009A24C9 /* shutter.png in Resources */,
				F4F2859E150DEA3A009A24C9 /* mapDeviceUserPoint.png in Resources */,
				F414DA0A1549F325008A38F5 /* InfoPlist.strings in Resources */,
				F414DA191549F325008A38F5 /* CameraViewController.xib in Resources */,
				F414DA1F1549F325008A38F5 /* GalleryViewController.xib in Resources */,
				F414DA281549F325008A38F5 /* LoadingViewController.xib in Resources */,
				F414DA2E1549F325008A38F5 /* MapViewController.xib in Resources */,
				F414DA341549F325008A38F5 /* SwoopTabViewController.xib in Resources */,
				F414DA5B154A017A008A38F5 /* swoopBarBottom.png in Resources */,
				F414DA5E154A017A008A38F5 /* swoopBarTop.png in Resources */,
				F49E28D2154F1E7B00AB8461 /* Default.png in Resources */,
				F49E28D3154F1E7B00AB8461 /* Defaultx2.png in Resources */,
				F49E28D4154F1E7B00AB8461 /* Icon.png in Resources */,
				F49E28D5154F1E7B00AB8461 /* Iconx2.png in Resources */,
				F49E28D6154F1E7B00AB8461 /* Loading.png in Resources */,
				F49E28D7154F1E7B00AB8461 /* Loadingx2.png in Resources */,
				F49E28D9154F1E7B00AB8461 /* Rhus-Info.plist in Resources */,
			);
			runOnlyForDeploymentPostprocessing = 0;
		};
/* End PBXResourcesBuildPhase section */

/* Begin PBXSourcesBuildPhase section */
		F4D3928B14BBA6660051E831 /* Sources */ = {
			isa = PBXSourcesBuildPhase;
			buildActionMask = 2147483647;
			files = (
				F414D9E91549F325008A38F5 /* UIImage+Alpha.m in Sources */,
				F414D9EC1549F325008A38F5 /* UIImage+Resize.m in Sources */,
				F414D9EF1549F325008A38F5 /* UIImage+RoundedCorner.m in Sources */,
				F414D9F21549F325008A38F5 /* RHDataModel.m in Sources */,
				F414D9F51549F325008A38F5 /* RHDeviceUser.m in Sources */,
				F414D9F81549F325008A38F5 /* RHDocument.m in Sources */,
				F414D9FB1549F325008A38F5 /* RHLocation.m in Sources */,
				F414D9FE1549F325008A38F5 /* RHMapAnnotation.m in Sources */,
				F414DA011549F325008A38F5 /* SSMapAnnotation.m in Sources */,
				F414DA041549F325008A38F5 /* WOverlay.m in Sources */,
				F414DA071549F325008A38F5 /* WOverlayView.m in Sources */,
				F414DA0D1549F325008A38F5 /* main.m in Sources */,
				F414DA101549F325008A38F5 /* OrderedDictionary.m in Sources */,
				F414DA131549F325008A38F5 /* AppDelegate.m in Sources */,
				F414DA161549F325008A38F5 /* CameraViewController.m in Sources */,
				F414DA1C1549F325008A38F5 /* GalleryViewController.m in Sources */,
				F414DA221549F325008A38F5 /* ImageScrollView.m in Sources */,
				F414DA251549F325008A38F5 /* LoadingViewController.m in Sources */,
				F414DA2B1549F325008A38F5 /* MapViewController.m in Sources */,
				F414DA311549F325008A38F5 /* SwoopTabViewController.m in Sources */,
				F414DA371549F325008A38F5 /* TimelineVisualizationView.m in Sources */,
				F4C1734F154B698100A929E1 /* Reachability.m in Sources */,
				F49E28D8154F1E7B00AB8461 /* RHSettings_Rhus.m in Sources */,
				F4DCC94B155DC84F0056E1C6 /* ProjectsTableViewController.m in Sources */,
			);
			runOnlyForDeploymentPostprocessing = 0;
		};
/* End PBXSourcesBuildPhase section */

/* Begin PBXVariantGroup section */
		F414D9CA1549F325008A38F5 /* InfoPlist.strings */ = {
			isa = PBXVariantGroup;
			children = (
				F414D9CB1549F325008A38F5 /* en */,
			);
			name = InfoPlist.strings;
			sourceTree = "<group>";
		};
		F4D392B414BBA6660051E831 /* InfoPlist.strings */ = {
			isa = PBXVariantGroup;
			children = (
				F4D392B514BBA6660051E831 /* en */,
			);
			name = InfoPlist.strings;
			sourceTree = "<group>";
		};
/* End PBXVariantGroup section */

/* Begin XCBuildConfiguration section */
		F4D392BA14BBA6660051E831 /* Debug */ = {
			isa = XCBuildConfiguration;
			buildSettings = {
				ALWAYS_SEARCH_USER_PATHS = NO;
				ARCHS = (
					armv6,
					"$(ARCHS_STANDARD_32_BIT)",
				);
				CLANG_ENABLE_OBJC_ARC = YES;
				CODE_SIGN_IDENTITY = "iPhone Developer";
				"CODE_SIGN_IDENTITY[sdk=iphoneos*]" = "iPhone Developer";
				COPY_PHASE_STRIP = NO;
				GCC_C_LANGUAGE_STANDARD = gnu99;
				GCC_DYNAMIC_NO_PIC = NO;
				GCC_OPTIMIZATION_LEVEL = 0;
				GCC_PREPROCESSOR_DEFINITIONS = (
					"DEBUG=1",
					"$(inherited)",
				);
				GCC_SYMBOLS_PRIVATE_EXTERN = NO;
				GCC_VERSION = com.apple.compilers.llvm.clang.1_0;
				GCC_WARN_ABOUT_MISSING_PROTOTYPES = YES;
				GCC_WARN_ABOUT_RETURN_TYPE = YES;
				GCC_WARN_UNUSED_VARIABLE = YES;
				IPHONEOS_DEPLOYMENT_TARGET = 4.2;
				ONLY_ACTIVE_ARCH = NO;
				PROVISIONING_PROFILE = "";
				SDKROOT = iphoneos5.0;
				TARGETED_DEVICE_FAMILY = 1;
				VALID_ARCHS = "armv7 armv6";
			};
			name = Debug;
		};
		F4D392BB14BBA6660051E831 /* Release */ = {
			isa = XCBuildConfiguration;
			buildSettings = {
				ALWAYS_SEARCH_USER_PATHS = NO;
				ARCHS = (
					armv6,
					"$(ARCHS_STANDARD_32_BIT)",
				);
				CLANG_ENABLE_OBJC_ARC = YES;
				CODE_SIGN_IDENTITY = "iPhone Developer";
				"CODE_SIGN_IDENTITY[sdk=iphoneos*]" = "iPhone Developer";
				COPY_PHASE_STRIP = YES;
				GCC_C_LANGUAGE_STANDARD = gnu99;
				GCC_VERSION = com.apple.compilers.llvm.clang.1_0;
				GCC_WARN_ABOUT_MISSING_PROTOTYPES = YES;
				GCC_WARN_ABOUT_RETURN_TYPE = YES;
				GCC_WARN_UNUSED_VARIABLE = YES;
				IPHONEOS_DEPLOYMENT_TARGET = 4.2;
				ONLY_ACTIVE_ARCH = NO;
				OTHER_CFLAGS = "-DNS_BLOCK_ASSERTIONS=1";
				PROVISIONING_PROFILE = "";
				SDKROOT = iphoneos5.0;
				TARGETED_DEVICE_FAMILY = 1;
				VALIDATE_PRODUCT = YES;
				VALID_ARCHS = "armv7 armv6";
			};
			name = Release;
		};
		F4D392BD14BBA6660051E831 /* Debug */ = {
			isa = XCBuildConfiguration;
			buildSettings = {
				ARCHS = (
					armv6,
					"$(ARCHS_STANDARD_32_BIT)",
				);
				CODE_SIGN_IDENTITY = "iPhone Developer";
				"CODE_SIGN_IDENTITY[sdk=iphoneos*]" = "iPhone Developer";
				FRAMEWORK_SEARCH_PATHS = (
					"$(inherited)",
					"\"$(SRCROOT)/Frameworks\"",
				);
				GCC_PRECOMPILE_PREFIX_HEADER = YES;
				GCC_PREFIX_HEADER = "Source/Supporting Files/Rhus-Prefix.pch";
				INFOPLIST_FILE = "Targets/Rhus/$(PRODUCT_NAME)-Info.plist";
				IPHONEOS_DEPLOYMENT_TARGET = 3.1;
				PRODUCT_NAME = Rhus;
				PROVISIONING_PROFILE = "";
				"PROVISIONING_PROFILE[sdk=iphoneos*]" = "";
				SDKROOT = iphoneos;
				TARGETED_DEVICE_FAMILY = 1;
				VALID_ARCHS = "armv7 armv6";
				WRAPPER_EXTENSION = app;
			};
			name = Debug;
		};
		F4D392BE14BBA6660051E831 /* Release */ = {
			isa = XCBuildConfiguration;
			buildSettings = {
				ARCHS = (
					armv6,
					"$(ARCHS_STANDARD_32_BIT)",
				);
				CODE_SIGN_IDENTITY = "iPhone Distribution";
				"CODE_SIGN_IDENTITY[sdk=iphoneos*]" = "iPhone Distribution";
				FRAMEWORK_SEARCH_PATHS = (
					"$(inherited)",
					"\"$(SRCROOT)/Frameworks\"",
				);
				GCC_PRECOMPILE_PREFIX_HEADER = YES;
				GCC_PREFIX_HEADER = "Source/Supporting Files/Rhus-Prefix.pch";
				INFOPLIST_FILE = "Targets/Rhus/$(PRODUCT_NAME)-Info.plist";
				IPHONEOS_DEPLOYMENT_TARGET = 3.1;
				PRODUCT_NAME = Rhus;
				PROVISIONING_PROFILE = "";
				"PROVISIONING_PROFILE[sdk=iphoneos*]" = "";
				SDKROOT = iphoneos;
				TARGETED_DEVICE_FAMILY = 1;
				VALID_ARCHS = "armv7 armv6";
				WRAPPER_EXTENSION = app;
			};
			name = Release;
		};
/* End XCBuildConfiguration section */

/* Begin XCConfigurationList section */
		F4D3928914BBA6650051E831 /* Build configuration list for PBXProject "Rhus" */ = {
			isa = XCConfigurationList;
			buildConfigurations = (
				F4D392BA14BBA6660051E831 /* Debug */,
				F4D392BB14BBA6660051E831 /* Release */,
			);
			defaultConfigurationIsVisible = 0;
			defaultConfigurationName = Release;
		};
		F4D392BC14BBA6660051E831 /* Build configuration list for PBXNativeTarget "Rhus" */ = {
			isa = XCConfigurationList;
			buildConfigurations = (
				F4D392BD14BBA6660051E831 /* Debug */,
				F4D392BE14BBA6660051E831 /* Release */,
			);
			defaultConfigurationIsVisible = 0;
			defaultConfigurationName = Release;
		};
/* End XCConfigurationList section */
	};
	rootObject = F4D3928614BBA6650051E831 /* Project object */;
}
